<?xml version="1.0" encoding="utf-8"?>
<Project ToolsVersion="4.0" xmlns="http://schemas.microsoft.com/developer/msbuild/2003">
  <ItemGroup>
    <Filter Include="Source Files">
      <UniqueIdentifier>{4FC737F1-C7A5-4376-A066-2A32D752A2FF}</UniqueIdentifier>
      <Extensions>cpp;c;cc;cxx;def;odl;idl;hpj;bat;asm;asmx</Extensions>
    </Filter>
    <Filter Include="Header Files">
      <UniqueIdentifier>{93995380-89BD-4b04-88EB-625FBE52EBFB}</UniqueIdentifier>
      <Extensions>h;hh;hpp;hxx;hm;inl;inc;xsd</Extensions>
    </Filter>
    <Filter Include="Resource Files">
      <UniqueIdentifier>{67DA6AB6-F800-4c08-8B7A-83BB121AAD01}</UniqueIdentifier>
      <Extensions>qrc;rc;ico;cur;bmp;dlg;rc2;rct;bin;rgs;gif;jpg;jpeg;jpe;resx;tiff;tif;png;wav;mfcribbon-ms</Extensions>
    </Filter>
    <Filter Include="Form Files">
      <UniqueIdentifier>{99349809-55BA-4b9d-BF79-8FDBB0286EB3}</UniqueIdentifier>
      <Extensions>ui</Extensions>
    </Filter>
    <Filter Include="Translation Files">
      <UniqueIdentifier>{639EADAA-A684-42e4-A9AD-28FC9BCB8F7C}</UniqueIdentifier>
      <Extensions>ts</Extensions>
    </Filter>
  </ItemGroup>
  <ItemGroup>
    <QtRcc Include="laserMarking.qrc">
      <Filter>Resource Files</Filter>
    </QtRcc>
    <QtUic Include="laserMarking.ui">
      <Filter>Form Files</Filter>
    </QtUic>
    <QtMoc Include="laserMarking.h">
      <Filter>Header Files</Filter>
    </QtMoc>
    <ClCompile Include="laserMarking.cpp">
      <Filter>Source Files</Filter>
    </ClCompile>
  </ItemGroup>
  <ItemGroup>
    <ClCompile Include="main.cpp">
      <Filter>Source Files</Filter>
    </ClCompile>
    <ClCompile Include="globalsetting.cpp">
      <Filter>Source Files</Filter>
    </ClCompile>
    <ClCompile Include="interaction.cpp">
      <Filter>Source Files</Filter>
    </ClCompile>
    <ClCompile Include="targetdata.cpp">
      <Filter>Source Files</Filter>
    </ClCompile>
    <ClCompile Include="Setting.cpp">
      <Filter>Source Files</Filter>
    </ClCompile>
    <ClCompile Include="SetParam.cpp">
      <Filter>Source Files</Filter>
    </ClCompile>
    <ClCompile Include="cameraThread.cpp">
      <Filter>Source Files</Filter>
    </ClCompile>
    <ClCompile Include="MatConvertQImage.cpp">
      <Filter>Source Files</Filter>
    </ClCompile>
    <ClCompile Include="mygraphicsitem.cpp">
      <Filter>Source Files</Filter>
    </ClCompile>
    <ClCompile Include="log.cpp">
      <Filter>Source Files</Filter>
    </ClCompile>
  </ItemGroup>
  <ItemGroup>
    <QtMoc Include="globalsetting.h">
      <Filter>Header Files</Filter>
    </QtMoc>
    <QtMoc Include="interaction.h">
      <Filter>Header Files</Filter>
    </QtMoc>
    <QtMoc Include="Setting.h">
      <Filter>Header Files</Filter>
    </QtMoc>
    <QtMoc Include="SetParam.h">
      <Filter>Header Files</Filter>
    </QtMoc>
    <QtMoc Include="cameraThread.h">
      <Filter>Header Files</Filter>
    </QtMoc>
    <QtMoc Include="mygraphicsitem.h">
      <Filter>Header Files</Filter>
    </QtMoc>
  </ItemGroup>
  <ItemGroup>
    <None Include="cpp.hint" />
  </ItemGroup>
  <ItemGroup>
    <QtUic Include="NetSettings.ui">
      <Filter>Form Files</Filter>
    </QtUic>
    <QtUic Include="setting.ui">
      <Filter>Form Files</Filter>
    </QtUic>
    <QtUic Include="SetParam.ui">
      <Filter>Form Files</Filter>
    </QtUic>
  </ItemGroup>
  <ItemGroup>
    <ClInclude Include="targetdata.h">
      <Filter>Header Files</Filter>
    </ClInclude>
    <ClInclude Include="CameraApi.h">
      <Filter>Header Files</Filter>
    </ClInclude>
    <ClInclude Include="CameraApiLoad.h">
      <Filter>Header Files</Filter>
    </ClInclude>
    <ClInclude Include="CameraDefine.H">
      <Filter>Header Files</Filter>
    </ClInclude>
    <ClInclude Include="CameraGrabber.h">
      <Filter>Header Files</Filter>
    </ClInclude>
    <ClInclude Include="CameraImage.h">
      <Filter>Header Files</Filter>
    </ClInclude>
    <ClInclude Include="CameraStatus.h">
      <Filter>Header Files</Filter>
    </ClInclude>
    <ClInclude Include="MatConvertQImage.h">
      <Filter>Header Files</Filter>
    </ClInclude>
    <ClInclude Include="data.h">
      <Filter>Header Files</Filter>
    </ClInclude>
    <ClInclude Include="log.h">
      <Filter>Header Files</Filter>
    </ClInclude>
  </ItemGroup>
</Project>